
Microsoft Visual Studio Solution File, Format Version 12.00
# Visual Studio Version 16
VisualStudioVersion = 16.0.31321.278
MinimumVisualStudioVersion = 10.0.40219.1
Project("{FAE04EC0-301F-11D3-BF4B-00C04F79EFBC}") = "Program", "Program\Program.csproj", "{276AA924-DDDC-40BC-99DD-05D8F7A852E9}"
EndProject
Project("{FAE04EC0-301F-11D3-BF4B-00C04F79EFBC}") = "CalTest", "CalTest\CalTest.csproj", "{A0A75C8D-C3E7-4BBD-ADC7-F9CD7533759B}"
EndProject
Project("{FAE04EC0-301F-11D3-BF4B-00C04F79EFBC}") = "Class1", "Class1\Class1.csproj", "{BC1A9961-035C-43A7-9CF9-5E9CCD0C8D66}"
EndProject
Global
	GlobalSection(SolutionConfigurationPlatforms) = preSolution
		Debug|Any CPU = Debug|Any CPU
		Release|Any CPU = Release|Any CPU
	EndGlobalSection
	GlobalSection(ProjectConfigurationPlatforms) = postSolution
		{276AA924-DDDC-40BC-99DD-05D8F7A852E9}.Debug|Any CPU.ActiveCfg = Debug|Any CPU
		{276AA924-DDDC-40BC-99DD-05D8F7A852E9}.Debug|Any CPU.Build.0 = Debug|Any CPU
		{276AA924-DDDC-40BC-99DD-05D8F7A852E9}.Release|Any CPU.ActiveCfg = Release|Any CPU
		{276AA924-DDDC-40BC-99DD-05D8F7A852E9}.Release|Any CPU.Build.0 = Release|Any CPU
		{A0A75C8D-C3E7-4BBD-ADC7-F9CD7533759B}.Debug|Any CPU.ActiveCfg = Debug|Any CPU
		{A0A75C8D-C3E7-4BBD-ADC7-F9CD7533759B}.Debug|Any CPU.Build.0 = Debug|Any CPU
		{A0A75C8D-C3E7-4BBD-ADC7-F9CD7533759B}.Release|Any CPU.ActiveCfg = Release|Any CPU
		{A0A75C8D-C3E7-4BBD-ADC7-F9CD7533759B}.Release|Any CPU.Build.0 = Release|Any CPU
		{BC1A9961-035C-43A7-9CF9-5E9CCD0C8D66}.Debug|Any CPU.ActiveCfg = Debug|Any CPU
		{BC1A9961-035C-43A7-9CF9-5E9CCD0C8D66}.Debug|Any CPU.Build.0 = Debug|Any CPU
		{BC1A9961-035C-43A7-9CF9-5E9CCD0C8D66}.Release|Any CPU.ActiveCfg = Release|Any CPU
		{BC1A9961-035C-43A7-9CF9-5E9CCD0C8D66}.Release|Any CPU.Build.0 = Release|Any CPU
	EndGlobalSection
	GlobalSection(SolutionProperties) = preSolution
		HideSolutionNode = FALSE
	EndGlobalSection
	GlobalSection(ExtensibilityGlobals) = postSolution
		SolutionGuid = {A0317B6D-3343-49C3-8AC4-7D8CA725AC61}
	EndGlobalSection
EndGlobal
